
Microsoft Visual Studio Solution File, Format Version 12.00
# Visual Studio Version 16
VisualStudioVersion = 25.0.1706.0
MinimumVisualStudioVersion = 10.0.40219.1
Project("{FAE04EC0-301F-11D3-BF4B-00C04F79EFBC}") = "dontnetstarter", "dontnetstarter\dontnetstarter.csproj", "{09A917EA-C3D9-467E-A49C-3242BC7F1C36}"
EndProject
Global
	GlobalSection(SolutionConfigurationPlatforms) = preSolution
		Debug|Any CPU = Debug|Any CPU
		Release|Any CPU = Release|Any CPU
	EndGlobalSection
	GlobalSection(ProjectConfigurationPlatforms) = postSolution
		{09A917EA-C3D9-467E-A49C-3242BC7F1C36}.Debug|Any CPU.ActiveCfg = Debug|Any CPU
		{09A917EA-C3D9-467E-A49C-3242BC7F1C36}.Debug|Any CPU.Build.0 = Debug|Any CPU
		{09A917EA-C3D9-467E-A49C-3242BC7F1C36}.Release|Any CPU.ActiveCfg = Release|Any CPU
		{09A917EA-C3D9-467E-A49C-3242BC7F1C36}.Release|Any CPU.Build.0 = Release|Any CPU
	EndGlobalSection
	GlobalSection(SolutionProperties) = preSolution
		HideSolutionNode = FALSE
	EndGlobalSection
	GlobalSection(ExtensibilityGlobals) = postSolution
		SolutionGuid = {174F276E-86BA-4C68-B0ED-361B83E1D5A5}
	EndGlobalSection
EndGlobal
